
Microsoft Visual Studio Solution File, Format Version 12.00
# Visual Studio Version 17
VisualStudioVersion = 17.7.34221.43
MinimumVisualStudioVersion = 10.0.40219.1
Project("{9A19103F-16F7-4668-BE54-9A1E7A4F7556}") = "SharpityEngine", "SharpityEngine\SharpityEngine.csproj", "{DA56C0C4-06BD-4B9B-8978-2BCE73B6C5FB}"
EndProject
Project("{9A19103F-16F7-4668-BE54-9A1E7A4F7556}") = "DesktopSDL", "Players\DesktopSDL\DesktopSDL.csproj", "{7A8380AD-2BBA-45E8-BC82-D99543238956}"
EndProject
Project("{2150E333-8FDC-42A3-9474-1A3956D46DE8}") = "Players", "Players", "{5CDF06B3-F8F4-4411-A6E5-BF829C040EEF}"
EndProject
Project("{FAE04EC0-301F-11D3-BF4B-00C04F79EFBC}") = "TestGame", "TestGame\TestGame.csproj", "{CE10D38A-DF09-47FD-A033-8A56DA0C3D44}"
EndProject
Global
	GlobalSection(SolutionConfigurationPlatforms) = preSolution
		Debug|Any CPU = Debug|Any CPU
		Release|Any CPU = Release|Any CPU
	EndGlobalSection
	GlobalSection(ProjectConfigurationPlatforms) = postSolution
		{DA56C0C4-06BD-4B9B-8978-2BCE73B6C5FB}.Debug|Any CPU.ActiveCfg = Debug|Any CPU
		{DA56C0C4-06BD-4B9B-8978-2BCE73B6C5FB}.Debug|Any CPU.Build.0 = Debug|Any CPU
		{DA56C0C4-06BD-4B9B-8978-2BCE73B6C5FB}.Release|Any CPU.ActiveCfg = Release|Any CPU
		{DA56C0C4-06BD-4B9B-8978-2BCE73B6C5FB}.Release|Any CPU.Build.0 = Release|Any CPU
		{7A8380AD-2BBA-45E8-BC82-D99543238956}.Debug|Any CPU.ActiveCfg = Debug|Any CPU
		{7A8380AD-2BBA-45E8-BC82-D99543238956}.Debug|Any CPU.Build.0 = Debug|Any CPU
		{7A8380AD-2BBA-45E8-BC82-D99543238956}.Release|Any CPU.ActiveCfg = Release|Any CPU
		{7A8380AD-2BBA-45E8-BC82-D99543238956}.Release|Any CPU.Build.0 = Release|Any CPU
		{CE10D38A-DF09-47FD-A033-8A56DA0C3D44}.Debug|Any CPU.ActiveCfg = Debug|Any CPU
		{CE10D38A-DF09-47FD-A033-8A56DA0C3D44}.Debug|Any CPU.Build.0 = Debug|Any CPU
		{CE10D38A-DF09-47FD-A033-8A56DA0C3D44}.Release|Any CPU.ActiveCfg = Release|Any CPU
		{CE10D38A-DF09-47FD-A033-8A56DA0C3D44}.Release|Any CPU.Build.0 = Release|Any CPU
	EndGlobalSection
	GlobalSection(SolutionProperties) = preSolution
		HideSolutionNode = FALSE
	EndGlobalSection
	GlobalSection(NestedProjects) = preSolution
		{7A8380AD-2BBA-45E8-BC82-D99543238956} = {5CDF06B3-F8F4-4411-A6E5-BF829C040EEF}
	EndGlobalSection
	GlobalSection(ExtensibilityGlobals) = postSolution
		SolutionGuid = {2B3C240D-4734-4F80-98FE-FA991146AB5B}
	EndGlobalSection
EndGlobal
